#
# This file is autogenerated by pip-compile.
# To update:  pip-compile --generate-hashes requirements.txt
#
boto3==1.34.11 \
    --hash=sha256:8f3d0a0d1a1c86b0b6a1cbe3a7bd6d04e1a5b9b7c2f2b1f1d8e0a0c3b4f5a6d7
botocore==1.34.11 \
    --hash=sha256:3c1f0d2e4a5b6c7d8e9f0a1b2c3d4e5f6a7b8c9d0e1f2a3b4c5d6e7f8a9b0c1d
certifi==2023.7.22 \
    --hash=sha256:539cc1d13202e33ca466e88b2807e29f4c13049d6d87031a3c110744495cb082
charset-normalizer==3.3.0 \
    --hash=sha256:e537484df0d8f426ce2afb2d0f8e1c3d0b114b83f8850e5f2fbea0e797bd82ae
cryptography==41.0.3
idna==3.4 \
    --hash=sha256:90b77e79eaa3eba6de819a0c442c0b4ceefc341a7a2ab77d7562bf49f425c5c2
pillow==10.0.0 \
    --hash=sha256:1f62406a884ae75fb2f818694469519fb685cc7eaff05d3451a9ebe55c646891
pycrypto==2.6.1
pytest==8.3.3 \
    --hash=sha256:a6853c7375b2663155079443d2e45de913a911a11d669df02a50814944db57b2
python-dateutil==2.9.0.post0 \
    --hash=sha256:a8b2bc7bffae282281c8140a97d3aa9c14da0b136dfe83f850eea9a5f7470427
requests==2.31.0 \
    --hash=sha256:58cd2187c01e70e6e26505bca751777aa9f2ee0b7f4300988b709f44e013003f
s3transfer==0.10.0 \
    --hash=sha256:d0c8bbf672d5eebbe4e57945e23b972d963f07d82f661cabf678a5c88831595b
urllib3==2.0.7 \
    --hash=sha256:c97dfde1f7bd43a71c8d2a58e369e9b2bf692d1334ea9f9cae55add7d0dd0f84
